
Microsoft Visual Studio Solution File, Format Version 12.00
# Visual Studio Version 17
VisualStudioVersion = 17.6.33829.357
MinimumVisualStudioVersion = 10.0.40219.1
Project("{FAE04EC0-301F-11D3-BF4B-00C04F79EFBC}") = "HomeTack_25.09", "HomeTack_25.09\HomeTack_25.09.csproj", "{4A636DE1-2BEC-4BE2-8A2B-D59FCA4AC797}"
EndProject
Global
	GlobalSection(SolutionConfigurationPlatforms) = preSolution
		Debug|Any CPU = Debug|Any CPU
		Release|Any CPU = Release|Any CPU
	EndGlobalSection
	GlobalSection(ProjectConfigurationPlatforms) = postSolution
		{4A636DE1-2BEC-4BE2-8A2B-D59FCA4AC797}.Debug|Any CPU.ActiveCfg = Debug|Any CPU
		{4A636DE1-2BEC-4BE2-8A2B-D59FCA4AC797}.Debug|Any CPU.Build.0 = Debug|Any CPU
		{4A636DE1-2BEC-4BE2-8A2B-D59FCA4AC797}.Release|Any CPU.ActiveCfg = Release|Any CPU
		{4A636DE1-2BEC-4BE2-8A2B-D59FCA4AC797}.Release|Any CPU.Build.0 = Release|Any CPU
	EndGlobalSection
	GlobalSection(SolutionProperties) = preSolution
		HideSolutionNode = FALSE
	EndGlobalSection
	GlobalSection(ExtensibilityGlobals) = postSolution
		SolutionGuid = {16610C03-453C-4E84-B6D8-0EE349025AC3}
	EndGlobalSection
EndGlobal
